// !$*UTF8*$!
{
	archiveVersion = 1;
	classes = {
	};
	objectVersion = 56;
	objects = {

/* Begin PBXBuildFile section */
		49A658A62A0DEA0800F3863F /* DiaryChatView.swift in Sources */ = {isa = PBXBuildFile; fileRef = 49A6589E2A0DEA0800F3863F /* DiaryChatView.swift */; };
		49A658A72A0DEA0800F3863F /* StarButton.swift in Sources */ = {isa = PBXBuildFile; fileRef = 49A6589F2A0DEA0800F3863F /* StarButton.swift */; };
		49A658A82A0DEA0800F3863F /* Diary.swift in Sources */ = {isa = PBXBuildFile; fileRef = 49A658A02A0DEA0800F3863F /* Diary.swift */; };
		49A658A92A0DEA0800F3863F /* DiaryChatModel.swift in Sources */ = {isa = PBXBuildFile; fileRef = 49A658A12A0DEA0800F3863F /* DiaryChatModel.swift */; };
		49A658AA2A0DEA0800F3863F /* HomeView_v2.swift in Sources */ = {isa = PBXBuildFile; fileRef = 49A658A22A0DEA0800F3863F /* HomeView_v2.swift */; };
		49A658AB2A0DEA0800F3863F /* DiaryView.swift in Sources */ = {isa = PBXBuildFile; fileRef = 49A658A32A0DEA0800F3863F /* DiaryView.swift */; };
		49A658AC2A0DEA0800F3863F /* WordView_v2.swift in Sources */ = {isa = PBXBuildFile; fileRef = 49A658A42A0DEA0800F3863F /* WordView_v2.swift */; };
		49A658AD2A0DEA0800F3863F /* WordView.swift in Sources */ = {isa = PBXBuildFile; fileRef = 49A658A52A0DEA0800F3863F /* WordView.swift */; };
		49A658AF2A0DEAB700F3863F /* WordTestView.swift in Sources */ = {isa = PBXBuildFile; fileRef = 49A658AE2A0DEAB700F3863F /* WordTestView.swift */; };
		49DCCDA42A28B49A005C9B58 /* ToeicView.swift in Sources */ = {isa = PBXBuildFile; fileRef = 49DCCDA32A28B49A005C9B58 /* ToeicView.swift */; };
		7062EC8329F563E900C3A0E0 /* chatgpt_v2App.swift in Sources */ = {isa = PBXBuildFile; fileRef = 7062EC8229F563E900C3A0E0 /* chatgpt_v2App.swift */; };
		7062EC8529F563E900C3A0E0 /* ChatView.swift in Sources */ = {isa = PBXBuildFile; fileRef = 7062EC8429F563E900C3A0E0 /* ChatView.swift */; };
		7062EC8729F563EB00C3A0E0 /* Assets.xcassets in Resources */ = {isa = PBXBuildFile; fileRef = 7062EC8629F563EB00C3A0E0 /* Assets.xcassets */; };
		7062EC8A29F563EB00C3A0E0 /* Preview Assets.xcassets in Resources */ = {isa = PBXBuildFile; fileRef = 7062EC8929F563EB00C3A0E0 /* Preview Assets.xcassets */; };
		7062EC9429F563EB00C3A0E0 /* chatgpt_v2Tests.swift in Sources */ = {isa = PBXBuildFile; fileRef = 7062EC9329F563EB00C3A0E0 /* chatgpt_v2Tests.swift */; };
		7062EC9E29F563EB00C3A0E0 /* chatgpt_v2UITests.swift in Sources */ = {isa = PBXBuildFile; fileRef = 7062EC9D29F563EB00C3A0E0 /* chatgpt_v2UITests.swift */; };
		7062ECA029F563EB00C3A0E0 /* chatgpt_v2UITestsLaunchTests.swift in Sources */ = {isa = PBXBuildFile; fileRef = 7062EC9F29F563EB00C3A0E0 /* chatgpt_v2UITestsLaunchTests.swift */; };
		7062ECAD29F5692800C3A0E0 /* ChatViewModel.swift in Sources */ = {isa = PBXBuildFile; fileRef = 7062ECAC29F5692800C3A0E0 /* ChatViewModel.swift */; };
		7062ECAF29F56ADC00C3A0E0 /* OpenAIService.swift in Sources */ = {isa = PBXBuildFile; fileRef = 7062ECAE29F56ADC00C3A0E0 /* OpenAIService.swift */; };
		7062ECB229F56B3700C3A0E0 /* Alamofire in Frameworks */ = {isa = PBXBuildFile; productRef = 7062ECB129F56B3700C3A0E0 /* Alamofire */; };
		7062ECB429F56DB300C3A0E0 /* Constants.swift in Sources */ = {isa = PBXBuildFile; fileRef = 7062ECB329F56DB300C3A0E0 /* Constants.swift */; };
		70CD8C2529F7F7A900FB6136 /* LounchScreen.swift in Sources */ = {isa = PBXBuildFile; fileRef = 70CD8C2429F7F7A900FB6136 /* LounchScreen.swift */; };
		70CD8C2729F7F7E700FB6136 /* HomeView.swift in Sources */ = {isa = PBXBuildFile; fileRef = 70CD8C2629F7F7E700FB6136 /* HomeView.swift */; };
		7DCF45502A14FC6D0050A0E8 /* FSCalendar in Frameworks */ = {isa = PBXBuildFile; productRef = 7DCF454F2A14FC6D0050A0E8 /* FSCalendar */; };
		7DCF45522A14FFFA0050A0E8 /* CalendarModule.swift in Sources */ = {isa = PBXBuildFile; fileRef = 7DCF45512A14FFFA0050A0E8 /* CalendarModule.swift */; };
		7DCF45542A1504AF0050A0E8 /* CalendarView.swift in Sources */ = {isa = PBXBuildFile; fileRef = 7DCF45532A1504AF0050A0E8 /* CalendarView.swift */; };
/* End PBXBuildFile section */

/* Begin PBXContainerItemProxy section */
		7062EC9029F563EB00C3A0E0 /* PBXContainerItemProxy */ = {
			isa = PBXContainerItemProxy;
			containerPortal = 7062EC7729F563E900C3A0E0 /* Project object */;
			proxyType = 1;
			remoteGlobalIDString = 7062EC7E29F563E900C3A0E0;
			remoteInfo = chatgpt_v2;
		};
		7062EC9A29F563EB00C3A0E0 /* PBXContainerItemProxy */ = {
			isa = PBXContainerItemProxy;
			containerPortal = 7062EC7729F563E900C3A0E0 /* Project object */;
			proxyType = 1;
			remoteGlobalIDString = 7062EC7E29F563E900C3A0E0;
			remoteInfo = chatgpt_v2;
		};
/* End PBXContainerItemProxy section */

/* Begin PBXFileReference section */
		49A6589E2A0DEA0800F3863F /* DiaryChatView.swift */ = {isa = PBXFileReference; fileEncoding = 4; lastKnownFileType = sourcecode.swift; path = DiaryChatView.swift; sourceTree = "<group>"; };
		49A6589F2A0DEA0800F3863F /* StarButton.swift */ = {isa = PBXFileReference; fileEncoding = 4; lastKnownFileType = sourcecode.swift; path = StarButton.swift; sourceTree = "<group>"; };
		49A658A02A0DEA0800F3863F /* Diary.swift */ = {isa = PBXFileReference; fileEncoding = 4; lastKnownFileType = sourcecode.swift; path = Diary.swift; sourceTree = "<group>"; };
		49A658A12A0DEA0800F3863F /* DiaryChatModel.swift */ = {isa = PBXFileReference; fileEncoding = 4; lastKnownFileType = sourcecode.swift; path = DiaryChatModel.swift; sourceTree = "<group>"; };
		49A658A22A0DEA0800F3863F /* HomeView_v2.swift */ = {isa = PBXFileReference; fileEncoding = 4; lastKnownFileType = sourcecode.swift; path = HomeView_v2.swift; sourceTree = "<group>"; };
		49A658A32A0DEA0800F3863F /* DiaryView.swift */ = {isa = PBXFileReference; fileEncoding = 4; lastKnownFileType = sourcecode.swift; path = DiaryView.swift; sourceTree = "<group>"; };
		49A658A42A0DEA0800F3863F /* WordView_v2.swift */ = {isa = PBXFileReference; fileEncoding = 4; lastKnownFileType = sourcecode.swift; path = WordView_v2.swift; sourceTree = "<group>"; };
		49A658A52A0DEA0800F3863F /* WordView.swift */ = {isa = PBXFileReference; fileEncoding = 4; lastKnownFileType = sourcecode.swift; path = WordView.swift; sourceTree = "<group>"; };
		49A658AE2A0DEAB700F3863F /* WordTestView.swift */ = {isa = PBXFileReference; fileEncoding = 4; lastKnownFileType = sourcecode.swift; path = WordTestView.swift; sourceTree = "<group>"; };
		49DCCDA32A28B49A005C9B58 /* ToeicView.swift */ = {isa = PBXFileReference; lastKnownFileType = sourcecode.swift; path = ToeicView.swift; sourceTree = "<group>"; };
		7062EC7F29F563E900C3A0E0 /* chatgpt_v2.app */ = {isa = PBXFileReference; explicitFileType = wrapper.application; includeInIndex = 0; path = chatgpt_v2.app; sourceTree = BUILT_PRODUCTS_DIR; };
		7062EC8229F563E900C3A0E0 /* chatgpt_v2App.swift */ = {isa = PBXFileReference; lastKnownFileType = sourcecode.swift; path = chatgpt_v2App.swift; sourceTree = "<group>"; };
		7062EC8429F563E900C3A0E0 /* ChatView.swift */ = {isa = PBXFileReference; lastKnownFileType = sourcecode.swift; path = ChatView.swift; sourceTree = "<group>"; };
		7062EC8629F563EB00C3A0E0 /* Assets.xcassets */ = {isa = PBXFileReference; lastKnownFileType = folder.assetcatalog; path = Assets.xcassets; sourceTree = "<group>"; };
		7062EC8929F563EB00C3A0E0 /* Preview Assets.xcassets */ = {isa = PBXFileReference; lastKnownFileType = folder.assetcatalog; path = "Preview Assets.xcassets"; sourceTree = "<group>"; };
		7062EC8F29F563EB00C3A0E0 /* chatgpt_v2Tests.xctest */ = {isa = PBXFileReference; explicitFileType = wrapper.cfbundle; includeInIndex = 0; path = chatgpt_v2Tests.xctest; sourceTree = BUILT_PRODUCTS_DIR; };
		7062EC9329F563EB00C3A0E0 /* chatgpt_v2Tests.swift */ = {isa = PBXFileReference; lastKnownFileType = sourcecode.swift; path = chatgpt_v2Tests.swift; sourceTree = "<group>"; };
		7062EC9929F563EB00C3A0E0 /* chatgpt_v2UITests.xctest */ = {isa = PBXFileReference; explicitFileType = wrapper.cfbundle; includeInIndex = 0; path = chatgpt_v2UITests.xctest; sourceTree = BUILT_PRODUCTS_DIR; };
		7062EC9D29F563EB00C3A0E0 /* chatgpt_v2UITests.swift */ = {isa = PBXFileReference; lastKnownFileType = sourcecode.swift; path = chatgpt_v2UITests.swift; sourceTree = "<group>"; };
		7062EC9F29F563EB00C3A0E0 /* chatgpt_v2UITestsLaunchTests.swift */ = {isa = PBXFileReference; lastKnownFileType = sourcecode.swift; path = chatgpt_v2UITestsLaunchTests.swift; sourceTree = "<group>"; };
		7062ECAC29F5692800C3A0E0 /* ChatViewModel.swift */ = {isa = PBXFileReference; lastKnownFileType = sourcecode.swift; path = ChatViewModel.swift; sourceTree = "<group>"; };
		7062ECAE29F56ADC00C3A0E0 /* OpenAIService.swift */ = {isa = PBXFileReference; lastKnownFileType = sourcecode.swift; path = OpenAIService.swift; sourceTree = "<group>"; };
		7062ECB329F56DB300C3A0E0 /* Constants.swift */ = {isa = PBXFileReference; lastKnownFileType = sourcecode.swift; path = Constants.swift; sourceTree = "<group>"; };
		70CD8C2429F7F7A900FB6136 /* LounchScreen.swift */ = {isa = PBXFileReference; lastKnownFileType = sourcecode.swift; path = LounchScreen.swift; sourceTree = "<group>"; };
		70CD8C2629F7F7E700FB6136 /* HomeView.swift */ = {isa = PBXFileReference; lastKnownFileType = sourcecode.swift; path = HomeView.swift; sourceTree = "<group>"; };
		7DCF45512A14FFFA0050A0E8 /* CalendarModule.swift */ = {isa = PBXFileReference; lastKnownFileType = sourcecode.swift; path = CalendarModule.swift; sourceTree = "<group>"; };
		7DCF45532A1504AF0050A0E8 /* CalendarView.swift */ = {isa = PBXFileReference; lastKnownFileType = sourcecode.swift; path = CalendarView.swift; sourceTree = "<group>"; };
/* End PBXFileReference section */

/* Begin PBXFrameworksBuildPhase section */
		7062EC7C29F563E900C3A0E0 /* Frameworks */ = {
			isa = PBXFrameworksBuildPhase;
			buildActionMask = 2147483647;
			files = (
				7062ECB229F56B3700C3A0E0 /* Alamofire in Frameworks */,
				7DCF45502A14FC6D0050A0E8 /* FSCalendar in Frameworks */,
			);
			runOnlyForDeploymentPostprocessing = 0;
		};
		7062EC8C29F563EB00C3A0E0 /* Frameworks */ = {
			isa = PBXFrameworksBuildPhase;
			buildActionMask = 2147483647;
			files = (
			);
			runOnlyForDeploymentPostprocessing = 0;
		};
		7062EC9629F563EB00C3A0E0 /* Frameworks */ = {
			isa = PBXFrameworksBuildPhase;
			buildActionMask = 2147483647;
			files = (
			);
			runOnlyForDeploymentPostprocessing = 0;
		};
/* End PBXFrameworksBuildPhase section */

/* Begin PBXGroup section */
		7062EC7629F563E900C3A0E0 = {
			isa = PBXGroup;
			children = (
				7062EC8129F563E900C3A0E0 /* chatgpt_v2 */,
				7062EC9229F563EB00C3A0E0 /* chatgpt_v2Tests */,
				7062EC9C29F563EB00C3A0E0 /* chatgpt_v2UITests */,
				7062EC8029F563E900C3A0E0 /* Products */,
			);
			sourceTree = "<group>";
		};
		7062EC8029F563E900C3A0E0 /* Products */ = {
			isa = PBXGroup;
			children = (
				7062EC7F29F563E900C3A0E0 /* chatgpt_v2.app */,
				7062EC8F29F563EB00C3A0E0 /* chatgpt_v2Tests.xctest */,
				7062EC9929F563EB00C3A0E0 /* chatgpt_v2UITests.xctest */,
			);
			name = Products;
			sourceTree = "<group>";
		};
		7062EC8129F563E900C3A0E0 /* chatgpt_v2 */ = {
			isa = PBXGroup;
			children = (
				49A658AE2A0DEAB700F3863F /* WordTestView.swift */,
				49A658A02A0DEA0800F3863F /* Diary.swift */,
				49A658A12A0DEA0800F3863F /* DiaryChatModel.swift */,
				49A6589E2A0DEA0800F3863F /* DiaryChatView.swift */,
				49A658A32A0DEA0800F3863F /* DiaryView.swift */,
				49A658A22A0DEA0800F3863F /* HomeView_v2.swift */,
				49A6589F2A0DEA0800F3863F /* StarButton.swift */,
				49A658A42A0DEA0800F3863F /* WordView_v2.swift */,
				49A658A52A0DEA0800F3863F /* WordView.swift */,
				7062EC8229F563E900C3A0E0 /* chatgpt_v2App.swift */,
				70CD8C2429F7F7A900FB6136 /* LounchScreen.swift */,
				70CD8C2629F7F7E700FB6136 /* HomeView.swift */,
				7062EC8429F563E900C3A0E0 /* ChatView.swift */,
				7062ECAC29F5692800C3A0E0 /* ChatViewModel.swift */,
				7062ECAE29F56ADC00C3A0E0 /* OpenAIService.swift */,
				7062ECB329F56DB300C3A0E0 /* Constants.swift */,
				7DCF45512A14FFFA0050A0E8 /* CalendarModule.swift */,
				7DCF45532A1504AF0050A0E8 /* CalendarView.swift */,
				7062EC8629F563EB00C3A0E0 /* Assets.xcassets */,
				7062EC8829F563EB00C3A0E0 /* Preview Content */,
				49DCCDA32A28B49A005C9B58 /* ToeicView.swift */,
			);
			path = chatgpt_v2;
			sourceTree = "<group>";
		};
		7062EC8829F563EB00C3A0E0 /* Preview Content */ = {
			isa = PBXGroup;
			children = (
				7062EC8929F563EB00C3A0E0 /* Preview Assets.xcassets */,
			);
			path = "Preview Content";
			sourceTree = "<group>";
		};
		7062EC9229F563EB00C3A0E0 /* chatgpt_v2Tests */ = {
			isa = PBXGroup;
			children = (
				7062EC9329F563EB00C3A0E0 /* chatgpt_v2Tests.swift */,
			);
			path = chatgpt_v2Tests;
			sourceTree = "<group>";
		};
		7062EC9C29F563EB00C3A0E0 /* chatgpt_v2UITests */ = {
			isa = PBXGroup;
			children = (
				7062EC9D29F563EB00C3A0E0 /* chatgpt_v2UITests.swift */,
				7062EC9F29F563EB00C3A0E0 /* chatgpt_v2UITestsLaunchTests.swift */,
			);
			path = chatgpt_v2UITests;
			sourceTree = "<group>";
		};
/* End PBXGroup section */

/* Begin PBXNativeTarget section */
		7062EC7E29F563E900C3A0E0 /* chatgpt_v2 */ = {
			isa = PBXNativeTarget;
			buildConfigurationList = 7062ECA329F563EB00C3A0E0 /* Build configuration list for PBXNativeTarget "chatgpt_v2" */;
			buildPhases = (
				7062EC7B29F563E900C3A0E0 /* Sources */,
				7062EC7C29F563E900C3A0E0 /* Frameworks */,
				7062EC7D29F563E900C3A0E0 /* Resources */,
			);
			buildRules = (
			);
			dependencies = (
			);
			name = chatgpt_v2;
			packageProductDependencies = (
				7062ECB129F56B3700C3A0E0 /* Alamofire */,
				7DCF454F2A14FC6D0050A0E8 /* FSCalendar */,
			);
			productName = chatgpt_v2;
			productReference = 7062EC7F29F563E900C3A0E0 /* chatgpt_v2.app */;
			productType = "com.apple.product-type.application";
		};
		7062EC8E29F563EB00C3A0E0 /* chatgpt_v2Tests */ = {
			isa = PBXNativeTarget;
			buildConfigurationList = 7062ECA629F563EB00C3A0E0 /* Build configuration list for PBXNativeTarget "chatgpt_v2Tests" */;
			buildPhases = (
				7062EC8B29F563EB00C3A0E0 /* Sources */,
				7062EC8C29F563EB00C3A0E0 /* Frameworks */,
				7062EC8D29F563EB00C3A0E0 /* Resources */,
			);
			buildRules = (
			);
			dependencies = (
				7062EC9129F563EB00C3A0E0 /* PBXTargetDependency */,
			);
			name = chatgpt_v2Tests;
			productName = chatgpt_v2Tests;
			productReference = 7062EC8F29F563EB00C3A0E0 /* chatgpt_v2Tests.xctest */;
			productType = "com.apple.product-type.bundle.unit-test";
		};
		7062EC9829F563EB00C3A0E0 /* chatgpt_v2UITests */ = {
			isa = PBXNativeTarget;
			buildConfigurationList = 7062ECA929F563EB00C3A0E0 /* Build configuration list for PBXNativeTarget "chatgpt_v2UITests" */;
			buildPhases = (
				7062EC9529F563EB00C3A0E0 /* Sources */,
				7062EC9629F563EB00C3A0E0 /* Frameworks */,
				7062EC9729F563EB00C3A0E0 /* Resources */,
			);
			buildRules = (
			);
			dependencies = (
				7062EC9B29F563EB00C3A0E0 /* PBXTargetDependency */,
			);
			name = chatgpt_v2UITests;
			productName = chatgpt_v2UITests;
			productReference = 7062EC9929F563EB00C3A0E0 /* chatgpt_v2UITests.xctest */;
			productType = "com.apple.product-type.bundle.ui-testing";
		};
/* End PBXNativeTarget section */

/* Begin PBXProject section */
		7062EC7729F563E900C3A0E0 /* Project object */ = {
			isa = PBXProject;
			attributes = {
				BuildIndependentTargetsInParallel = 1;
				LastSwiftUpdateCheck = 1420;
				LastUpgradeCheck = 1420;
				TargetAttributes = {
					7062EC7E29F563E900C3A0E0 = {
						CreatedOnToolsVersion = 14.2;
					};
					7062EC8E29F563EB00C3A0E0 = {
						CreatedOnToolsVersion = 14.2;
						TestTargetID = 7062EC7E29F563E900C3A0E0;
					};
					7062EC9829F563EB00C3A0E0 = {
						CreatedOnToolsVersion = 14.2;
						TestTargetID = 7062EC7E29F563E900C3A0E0;
					};
				};
			};
			buildConfigurationList = 7062EC7A29F563E900C3A0E0 /* Build configuration list for PBXProject "chatgpt_v2" */;
			compatibilityVersion = "Xcode 14.0";
			developmentRegion = en;
			hasScannedForEncodings = 0;
			knownRegions = (
				en,
				Base,
			);
			mainGroup = 7062EC7629F563E900C3A0E0;
			packageReferences = (
				7062ECB029F56B3700C3A0E0 /* XCRemoteSwiftPackageReference "Alamofire" */,
				7DCF454E2A14FC6D0050A0E8 /* XCRemoteSwiftPackageReference "FSCalendar" */,
			);
			productRefGroup = 7062EC8029F563E900C3A0E0 /* Products */;
			projectDirPath = "";
			projectRoot = "";
			targets = (
				7062EC7E29F563E900C3A0E0 /* chatgpt_v2 */,
				7062EC8E29F563EB00C3A0E0 /* chatgpt_v2Tests */,
				7062EC9829F563EB00C3A0E0 /* chatgpt_v2UITests */,
			);
		};
/* End PBXProject section */

/* Begin PBXResourcesBuildPhase section */
		7062EC7D29F563E900C3A0E0 /* Resources */ = {
			isa = PBXResourcesBuildPhase;
			buildActionMask = 2147483647;
			files = (
				7062EC8A29F563EB00C3A0E0 /* Preview Assets.xcassets in Resources */,
				7062EC8729F563EB00C3A0E0 /* Assets.xcassets in Resources */,
			);
			runOnlyForDeploymentPostprocessing = 0;
		};
		7062EC8D29F563EB00C3A0E0 /* Resources */ = {
			isa = PBXResourcesBuildPhase;
			buildActionMask = 2147483647;
			files = (
			);
			runOnlyForDeploymentPostprocessing = 0;
		};
		7062EC9729F563EB00C3A0E0 /* Resources */ = {
			isa = PBXResourcesBuildPhase;
			buildActionMask = 2147483647;
			files = (
			);
			runOnlyForDeploymentPostprocessing = 0;
		};
/* End PBXResourcesBuildPhase section */

/* Begin PBXSourcesBuildPhase section */
		7062EC7B29F563E900C3A0E0 /* Sources */ = {
			isa = PBXSourcesBuildPhase;
			buildActionMask = 2147483647;
			files = (
				7062ECB429F56DB300C3A0E0 /* Constants.swift in Sources */,
				49A658A82A0DEA0800F3863F /* Diary.swift in Sources */,
				70CD8C2729F7F7E700FB6136 /* HomeView.swift in Sources */,
				49A658A62A0DEA0800F3863F /* DiaryChatView.swift in Sources */,
				49A658AF2A0DEAB700F3863F /* WordTestView.swift in Sources */,
				49A658A92A0DEA0800F3863F /* DiaryChatModel.swift in Sources */,
				49A658A72A0DEA0800F3863F /* StarButton.swift in Sources */,
				49A658AC2A0DEA0800F3863F /* WordView_v2.swift in Sources */,
				7062EC8529F563E900C3A0E0 /* ChatView.swift in Sources */,
				7062ECAD29F5692800C3A0E0 /* ChatViewModel.swift in Sources */,
				7062EC8329F563E900C3A0E0 /* chatgpt_v2App.swift in Sources */,
				70CD8C2529F7F7A900FB6136 /* LounchScreen.swift in Sources */,
				49A658AD2A0DEA0800F3863F /* WordView.swift in Sources */,
				7DCF45522A14FFFA0050A0E8 /* CalendarModule.swift in Sources */,
				7DCF45542A1504AF0050A0E8 /* CalendarView.swift in Sources */,
				7062ECAF29F56ADC00C3A0E0 /* OpenAIService.swift in Sources */,
				49DCCDA42A28B49A005C9B58 /* ToeicView.swift in Sources */,
				49A658AB2A0DEA0800F3863F /* DiaryView.swift in Sources */,
				49A658AA2A0DEA0800F3863F /* HomeView_v2.swift in Sources */,
			);
			runOnlyForDeploymentPostprocessing = 0;
		};
		7062EC8B29F563EB00C3A0E0 /* Sources */ = {
			isa = PBXSourcesBuildPhase;
			buildActionMask = 2147483647;
			files = (
				7062EC9429F563EB00C3A0E0 /* chatgpt_v2Tests.swift in Sources */,
			);
			runOnlyForDeploymentPostprocessing = 0;
		};
		7062EC9529F563EB00C3A0E0 /* Sources */ = {
			isa = PBXSourcesBuildPhase;
			buildActionMask = 2147483647;
			files = (
				7062ECA029F563EB00C3A0E0 /* chatgpt_v2UITestsLaunchTests.swift in Sources */,
				7062EC9E29F563EB00C3A0E0 /* chatgpt_v2UITests.swift in Sources */,
			);
			runOnlyForDeploymentPostprocessing = 0;
		};
/* End PBXSourcesBuildPhase section */

/* Begin PBXTargetDependency section */
		7062EC9129F563EB00C3A0E0 /* PBXTargetDependency */ = {
			isa = PBXTargetDependency;
			target = 7062EC7E29F563E900C3A0E0 /* chatgpt_v2 */;
			targetProxy = 7062EC9029F563EB00C3A0E0 /* PBXContainerItemProxy */;
		};
		7062EC9B29F563EB00C3A0E0 /* PBXTargetDependency */ = {
			isa = PBXTargetDependency;
			target = 7062EC7E29F563E900C3A0E0 /* chatgpt_v2 */;
			targetProxy = 7062EC9A29F563EB00C3A0E0 /* PBXContainerItemProxy */;
		};
/* End PBXTargetDependency section */

/* Begin XCBuildConfiguration section */
		7062ECA129F563EB00C3A0E0 /* Debug */ = {
			isa = XCBuildConfiguration;
			buildSettings = {
				ALWAYS_SEARCH_USER_PATHS = NO;
				CLANG_ANALYZER_NONNULL = YES;
				CLANG_ANALYZER_NUMBER_OBJECT_CONVERSION = YES_AGGRESSIVE;
				CLANG_CXX_LANGUAGE_STANDARD = "gnu++20";
				CLANG_ENABLE_MODULES = YES;
				CLANG_ENABLE_OBJC_ARC = YES;
				CLANG_ENABLE_OBJC_WEAK = YES;
				CLANG_WARN_BLOCK_CAPTURE_AUTORELEASING = YES;
				CLANG_WARN_BOOL_CONVERSION = YES;
				CLANG_WARN_COMMA = YES;
				CLANG_WARN_CONSTANT_CONVERSION = YES;
				CLANG_WARN_DEPRECATED_OBJC_IMPLEMENTATIONS = YES;
				CLANG_WARN_DIRECT_OBJC_ISA_USAGE = YES_ERROR;
				CLANG_WARN_DOCUMENTATION_COMMENTS = YES;
				CLANG_WARN_EMPTY_BODY = YES;
				CLANG_WARN_ENUM_CONVERSION = YES;
				CLANG_WARN_INFINITE_RECURSION = YES;
				CLANG_WARN_INT_CONVERSION = YES;
				CLANG_WARN_NON_LITERAL_NULL_CONVERSION = YES;
				CLANG_WARN_OBJC_IMPLICIT_RETAIN_SELF = YES;
				CLANG_WARN_OBJC_LITERAL_CONVERSION = YES;
				CLANG_WARN_OBJC_ROOT_CLASS = YES_ERROR;
				CLANG_WARN_QUOTED_INCLUDE_IN_FRAMEWORK_HEADER = YES;
				CLANG_WARN_RANGE_LOOP_ANALYSIS = YES;
				CLANG_WARN_STRICT_PROTOTYPES = YES;
				CLANG_WARN_SUSPICIOUS_MOVE = YES;
				CLANG_WARN_UNGUARDED_AVAILABILITY = YES_AGGRESSIVE;
				CLANG_WARN_UNREACHABLE_CODE = YES;
				CLANG_WARN__DUPLICATE_METHOD_MATCH = YES;
				COPY_PHASE_STRIP = NO;
				DEBUG_INFORMATION_FORMAT = dwarf;
				ENABLE_STRICT_OBJC_MSGSEND = YES;
				ENABLE_TESTABILITY = YES;
				GCC_C_LANGUAGE_STANDARD = gnu11;
				GCC_DYNAMIC_NO_PIC = NO;
				GCC_NO_COMMON_BLOCKS = YES;
				GCC_OPTIMIZATION_LEVEL = 0;
				GCC_PREPROCESSOR_DEFINITIONS = (
					"DEBUG=1",
					"$(inherited)",
				);
				GCC_WARN_64_TO_32_BIT_CONVERSION = YES;
				GCC_WARN_ABOUT_RETURN_TYPE = YES_ERROR;
				GCC_WARN_UNDECLARED_SELECTOR = YES;
				GCC_WARN_UNINITIALIZED_AUTOS = YES_AGGRESSIVE;
				GCC_WARN_UNUSED_FUNCTION = YES;
				GCC_WARN_UNUSED_VARIABLE = YES;
				IPHONEOS_DEPLOYMENT_TARGET = 16.2;
				MTL_ENABLE_DEBUG_INFO = INCLUDE_SOURCE;
				MTL_FAST_MATH = YES;
				ONLY_ACTIVE_ARCH = YES;
				SDKROOT = iphoneos;
				SWIFT_ACTIVE_COMPILATION_CONDITIONS = DEBUG;
				SWIFT_OPTIMIZATION_LEVEL = "-Onone";
			};
			name = Debug;
		};
		7062ECA229F563EB00C3A0E0 /* Release */ = {
			isa = XCBuildConfiguration;
			buildSettings = {
				ALWAYS_SEARCH_USER_PATHS = NO;
				CLANG_ANALYZER_NONNULL = YES;
				CLANG_ANALYZER_NUMBER_OBJECT_CONVERSION = YES_AGGRESSIVE;
				CLANG_CXX_LANGUAGE_STANDARD = "gnu++20";
				CLANG_ENABLE_MODULES = YES;
				CLANG_ENABLE_OBJC_ARC = YES;
				CLANG_ENABLE_OBJC_WEAK = YES;
				CLANG_WARN_BLOCK_CAPTURE_AUTORELEASING = YES;
				CLANG_WARN_BOOL_CONVERSION = YES;
				CLANG_WARN_COMMA = YES;
				CLANG_WARN_CONSTANT_CONVERSION = YES;
				CLANG_WARN_DEPRECATED_OBJC_IMPLEMENTATIONS = YES;
				CLANG_WARN_DIRECT_OBJC_ISA_USAGE = YES_ERROR;
				CLANG_WARN_DOCUMENTATION_COMMENTS = YES;
				CLANG_WARN_EMPTY_BODY = YES;
				CLANG_WARN_ENUM_CONVERSION = YES;
				CLANG_WARN_INFINITE_RECURSION = YES;
				CLANG_WARN_INT_CONVERSION = YES;
				CLANG_WARN_NON_LITERAL_NULL_CONVERSION = YES;
				CLANG_WARN_OBJC_IMPLICIT_RETAIN_SELF = YES;
				CLANG_WARN_OBJC_LITERAL_CONVERSION = YES;
				CLANG_WARN_OBJC_ROOT_CLASS = YES_ERROR;
				CLANG_WARN_QUOTED_INCLUDE_IN_FRAMEWORK_HEADER = YES;
				CLANG_WARN_RANGE_LOOP_ANALYSIS = YES;
				CLANG_WARN_STRICT_PROTOTYPES = YES;
				CLANG_WARN_SUSPICIOUS_MOVE = YES;
				CLANG_WARN_UNGUARDED_AVAILABILITY = YES_AGGRESSIVE;
				CLANG_WARN_UNREACHABLE_CODE = YES;
				CLANG_WARN__DUPLICATE_METHOD_MATCH = YES;
				COPY_PHASE_STRIP = NO;
				DEBUG_INFORMATION_FORMAT = "dwarf-with-dsym";
				ENABLE_NS_ASSERTIONS = NO;
				ENABLE_STRICT_OBJC_MSGSEND = YES;
				GCC_C_LANGUAGE_STANDARD = gnu11;
				GCC_NO_COMMON_BLOCKS = YES;
				GCC_WARN_64_TO_32_BIT_CONVERSION = YES;
				GCC_WARN_ABOUT_RETURN_TYPE = YES_ERROR;
				GCC_WARN_UNDECLARED_SELECTOR = YES;
				GCC_WARN_UNINITIALIZED_AUTOS = YES_AGGRESSIVE;
				GCC_WARN_UNUSED_FUNCTION = YES;
				GCC_WARN_UNUSED_VARIABLE = YES;
				IPHONEOS_DEPLOYMENT_TARGET = 16.2;
				MTL_ENABLE_DEBUG_INFO = NO;
				MTL_FAST_MATH = YES;
				SDKROOT = iphoneos;
				SWIFT_COMPILATION_MODE = wholemodule;
				SWIFT_OPTIMIZATION_LEVEL = "-O";
				VALIDATE_PRODUCT = YES;
			};
			name = Release;
		};
		7062ECA429F563EB00C3A0E0 /* Debug */ = {
			isa = XCBuildConfiguration;
			buildSettings = {
				ASSETCATALOG_COMPILER_APPICON_NAME = AppIcon;
				ASSETCATALOG_COMPILER_GLOBAL_ACCENT_COLOR_NAME = AccentColor;
				CODE_SIGN_STYLE = Automatic;
				CURRENT_PROJECT_VERSION = 1;
				DEVELOPMENT_ASSET_PATHS = "\"chatgpt_v2/Preview Content\"";
				DEVELOPMENT_TEAM = AUDVJB8H38;
				ENABLE_PREVIEWS = YES;
				GENERATE_INFOPLIST_FILE = YES;
				INFOPLIST_KEY_UIApplicationSceneManifest_Generation = YES;
				INFOPLIST_KEY_UIApplicationSupportsIndirectInputEvents = YES;
				INFOPLIST_KEY_UILaunchScreen_Generation = YES;
				INFOPLIST_KEY_UISupportedInterfaceOrientations_iPad = "UIInterfaceOrientationPortrait UIInterfaceOrientationPortraitUpsideDown UIInterfaceOrientationLandscapeLeft UIInterfaceOrientationLandscapeRight";
				INFOPLIST_KEY_UISupportedInterfaceOrientations_iPhone = "UIInterfaceOrientationPortrait UIInterfaceOrientationLandscapeLeft UIInterfaceOrientationLandscapeRight";
				LD_RUNPATH_SEARCH_PATHS = (
					"$(inherited)",
					"@executable_path/Frameworks",
				);
				MARKETING_VERSION = 1.0;
				PRODUCT_BUNDLE_IDENTIFIER = "co.myhomework1.chatgpt-v2";
				PRODUCT_NAME = "$(TARGET_NAME)";
				SWIFT_EMIT_LOC_STRINGS = YES;
				SWIFT_VERSION = 5.0;
				TARGETED_DEVICE_FAMILY = "1,2";
			};
			name = Debug;
		};
		7062ECA529F563EB00C3A0E0 /* Release */ = {
			isa = XCBuildConfiguration;
			buildSettings = {
				ASSETCATALOG_COMPILER_APPICON_NAME = AppIcon;
				ASSETCATALOG_COMPILER_GLOBAL_ACCENT_COLOR_NAME = AccentColor;
				CODE_SIGN_STYLE = Automatic;
				CURRENT_PROJECT_VERSION = 1;
				DEVELOPMENT_ASSET_PATHS = "\"chatgpt_v2/Preview Content\"";
				DEVELOPMENT_TEAM = AUDVJB8H38;
				ENABLE_PREVIEWS = YES;
				GENERATE_INFOPLIST_FILE = YES;
				INFOPLIST_KEY_UIApplicationSceneManifest_Generation = YES;
				INFOPLIST_KEY_UIApplicationSupportsIndirectInputEvents = YES;
				INFOPLIST_KEY_UILaunchScreen_Generation = YES;
				INFOPLIST_KEY_UISupportedInterfaceOrientations_iPad = "UIInterfaceOrientationPortrait UIInterfaceOrientationPortraitUpsideDown UIInterfaceOrientationLandscapeLeft UIInterfaceOrientationLandscapeRight";
				INFOPLIST_KEY_UISupportedInterfaceOrientations_iPhone = "UIInterfaceOrientationPortrait UIInterfaceOrientationLandscapeLeft UIInterfaceOrientationLandscapeRight";
				LD_RUNPATH_SEARCH_PATHS = (
					"$(inherited)",
					"@executable_path/Frameworks",
				);
				MARKETING_VERSION = 1.0;
				PRODUCT_BUNDLE_IDENTIFIER = "co.myhomework1.chatgpt-v2";
				PRODUCT_NAME = "$(TARGET_NAME)";
				SWIFT_EMIT_LOC_STRINGS = YES;
				SWIFT_VERSION = 5.0;
				TARGETED_DEVICE_FAMILY = "1,2";
			};
			name = Release;
		};
		7062ECA729F563EB00C3A0E0 /* Debug */ = {
			isa = XCBuildConfiguration;
			buildSettings = {
				ALWAYS_EMBED_SWIFT_STANDARD_LIBRARIES = YES;
				BUNDLE_LOADER = "$(TEST_HOST)";
				CODE_SIGN_STYLE = Automatic;
				CURRENT_PROJECT_VERSION = 1;
				DEVELOPMENT_TEAM = AUDVJB8H38;
				GENERATE_INFOPLIST_FILE = YES;
				IPHONEOS_DEPLOYMENT_TARGET = 16.2;
				MARKETING_VERSION = 1.0;
				PRODUCT_BUNDLE_IDENTIFIER = "co.myhomework1.chatgpt-v2Tests";
				PRODUCT_NAME = "$(TARGET_NAME)";
				SWIFT_EMIT_LOC_STRINGS = NO;
				SWIFT_VERSION = 5.0;
				TARGETED_DEVICE_FAMILY = "1,2";
				TEST_HOST = "$(BUILT_PRODUCTS_DIR)/chatgpt_v2.app/$(BUNDLE_EXECUTABLE_FOLDER_PATH)/chatgpt_v2";
			};
			name = Debug;
		};
		7062ECA829F563EB00C3A0E0 /* Release */ = {
			isa = XCBuildConfiguration;
			buildSettings = {
				ALWAYS_EMBED_SWIFT_STANDARD_LIBRARIES = YES;
				BUNDLE_LOADER = "$(TEST_HOST)";
				CODE_SIGN_STYLE = Automatic;
				CURRENT_PROJECT_VERSION = 1;
				DEVELOPMENT_TEAM = AUDVJB8H38;
				GENERATE_INFOPLIST_FILE = YES;
				IPHONEOS_DEPLOYMENT_TARGET = 16.2;
				MARKETING_VERSION = 1.0;
				PRODUCT_BUNDLE_IDENTIFIER = "co.myhomework1.chatgpt-v2Tests";
				PRODUCT_NAME = "$(TARGET_NAME)";
				SWIFT_EMIT_LOC_STRINGS = NO;
				SWIFT_VERSION = 5.0;
				TARGETED_DEVICE_FAMILY = "1,2";
				TEST_HOST = "$(BUILT_PRODUCTS_DIR)/chatgpt_v2.app/$(BUNDLE_EXECUTABLE_FOLDER_PATH)/chatgpt_v2";
			};
			name = Release;
		};
		7062ECAA29F563EB00C3A0E0 /* Debug */ = {
			isa = XCBuildConfiguration;
			buildSettings = {
				ALWAYS_EMBED_SWIFT_STANDARD_LIBRARIES = YES;
				CODE_SIGN_STYLE = Automatic;
				CURRENT_PROJECT_VERSION = 1;
				DEVELOPMENT_TEAM = AUDVJB8H38;
				GENERATE_INFOPLIST_FILE = YES;
				MARKETING_VERSION = 1.0;
				PRODUCT_BUNDLE_IDENTIFIER = "co.myhomework1.chatgpt-v2UITests";
				PRODUCT_NAME = "$(TARGET_NAME)";
				SWIFT_EMIT_LOC_STRINGS = NO;
				SWIFT_VERSION = 5.0;
				TARGETED_DEVICE_FAMILY = "1,2";
				TEST_TARGET_NAME = chatgpt_v2;
			};
			name = Debug;
		};
		7062ECAB29F563EB00C3A0E0 /* Release */ = {
			isa = XCBuildConfiguration;
			buildSettings = {
				ALWAYS_EMBED_SWIFT_STANDARD_LIBRARIES = YES;
				CODE_SIGN_STYLE = Automatic;
				CURRENT_PROJECT_VERSION = 1;
				DEVELOPMENT_TEAM = AUDVJB8H38;
				GENERATE_INFOPLIST_FILE = YES;
				MARKETING_VERSION = 1.0;
				PRODUCT_BUNDLE_IDENTIFIER = "co.myhomework1.chatgpt-v2UITests";
				PRODUCT_NAME = "$(TARGET_NAME)";
				SWIFT_EMIT_LOC_STRINGS = NO;
				SWIFT_VERSION = 5.0;
				TARGETED_DEVICE_FAMILY = "1,2";
				TEST_TARGET_NAME = chatgpt_v2;
			};
			name = Release;
		};
/* End XCBuildConfiguration section */

/* Begin XCConfigurationList section */
		7062EC7A29F563E900C3A0E0 /* Build configuration list for PBXProject "chatgpt_v2" */ = {
			isa = XCConfigurationList;
			buildConfigurations = (
				7062ECA129F563EB00C3A0E0 /* Debug */,
				7062ECA229F563EB00C3A0E0 /* Release */,
			);
			defaultConfigurationIsVisible = 0;
			defaultConfigurationName = Release;
		};
		7062ECA329F563EB00C3A0E0 /* Build configuration list for PBXNativeTarget "chatgpt_v2" */ = {
			isa = XCConfigurationList;
			buildConfigurations = (
				7062ECA429F563EB00C3A0E0 /* Debug */,
				7062ECA529F563EB00C3A0E0 /* Release */,
			);
			defaultConfigurationIsVisible = 0;
			defaultConfigurationName = Release;
		};
		7062ECA629F563EB00C3A0E0 /* Build configuration list for PBXNativeTarget "chatgpt_v2Tests" */ = {
			isa = XCConfigurationList;
			buildConfigurations = (
				7062ECA729F563EB00C3A0E0 /* Debug */,
				7062ECA829F563EB00C3A0E0 /* Release */,
			);
			defaultConfigurationIsVisible = 0;
			defaultConfigurationName = Release;
		};
		7062ECA929F563EB00C3A0E0 /* Build configuration list for PBXNativeTarget "chatgpt_v2UITests" */ = {
			isa = XCConfigurationList;
			buildConfigurations = (
				7062ECAA29F563EB00C3A0E0 /* Debug */,
				7062ECAB29F563EB00C3A0E0 /* Release */,
			);
			defaultConfigurationIsVisible = 0;
			defaultConfigurationName = Release;
		};
/* End XCConfigurationList section */

/* Begin XCRemoteSwiftPackageReference section */
		7062ECB029F56B3700C3A0E0 /* XCRemoteSwiftPackageReference "Alamofire" */ = {
			isa = XCRemoteSwiftPackageReference;
			repositoryURL = "https://github.com/Alamofire/Alamofire.git";
			requirement = {
				kind = upToNextMajorVersion;
				minimumVersion = 5.0.0;
			};
		};
		7DCF454E2A14FC6D0050A0E8 /* XCRemoteSwiftPackageReference "FSCalendar" */ = {
			isa = XCRemoteSwiftPackageReference;
			repositoryURL = "https://github.com/WenchaoD/FSCalendar";
			requirement = {
				branch = master;
				kind = branch;
			};
		};
/* End XCRemoteSwiftPackageReference section */

/* Begin XCSwiftPackageProductDependency section */
		7062ECB129F56B3700C3A0E0 /* Alamofire */ = {
			isa = XCSwiftPackageProductDependency;
			package = 7062ECB029F56B3700C3A0E0 /* XCRemoteSwiftPackageReference "Alamofire" */;
			productName = Alamofire;
		};
		7DCF454F2A14FC6D0050A0E8 /* FSCalendar */ = {
			isa = XCSwiftPackageProductDependency;
			package = 7DCF454E2A14FC6D0050A0E8 /* XCRemoteSwiftPackageReference "FSCalendar" */;
			productName = FSCalendar;
		};
/* End XCSwiftPackageProductDependency section */
	};
	rootObject = 7062EC7729F563E900C3A0E0 /* Project object */;
}
